
Microsoft Visual Studio Solution File, Format Version 12.00
# Visual Studio 15
VisualStudioVersion = 15.0.28010.2041
MinimumVisualStudioVersion = 10.0.40219.1
Project("{FAE04EC0-301F-11D3-BF4B-00C04F79EFBC}") = "RecipeRemoverMod", "RecipeRemoverMod\RecipeRemoverMod.csproj", "{E2E5A2F6-1B62-478E-8CAE-8BEB66EB1CC1}"
EndProject
Global
	GlobalSection(SolutionConfigurationPlatforms) = preSolution
		Debug|Any CPU = Debug|Any CPU
		Release|Any CPU = Release|Any CPU
	EndGlobalSection
	GlobalSection(ProjectConfigurationPlatforms) = postSolution
		{E2E5A2F6-1B62-478E-8CAE-8BEB66EB1CC1}.Debug|Any CPU.ActiveCfg = Debug|Any CPU
		{E2E5A2F6-1B62-478E-8CAE-8BEB66EB1CC1}.Debug|Any CPU.Build.0 = Debug|Any CPU
		{E2E5A2F6-1B62-478E-8CAE-8BEB66EB1CC1}.Release|Any CPU.ActiveCfg = Release|Any CPU
		{E2E5A2F6-1B62-478E-8CAE-8BEB66EB1CC1}.Release|Any CPU.Build.0 = Release|Any CPU
	EndGlobalSection
	GlobalSection(SolutionProperties) = preSolution
		HideSolutionNode = FALSE
	EndGlobalSection
	GlobalSection(ExtensibilityGlobals) = postSolution
		SolutionGuid = {F8097C73-129B-494A-B525-366A329E80AF}
	EndGlobalSection
EndGlobal
